{
  "name": "%APP_NAME%",
  "version": "0.0.1",
  "lockfileVersion": 1,
  "requires": true,
  "dependencies": {
    "async": {
      "version": "2.6.1",
      "resolved": "https://registry.npmjs.org/async/-/async-2.6.1.tgz",
      "integrity": "sha512-fNEiL2+AZt6AlAw/29Cr0UDe4sRAHCpEHh54WMz+Bb7QfNcFw4h3loofyJpLeQs4Yx7yuqu/2dLgM5hKOs6HlQ==",
      "requires": {
        "lodash": "4.17.10"
      }
    },
    "jquery": {
      "version": "3.3.1",
      "resolved": "https://registry.npmjs.org/jquery/-/jquery-3.3.1.tgz",
      "integrity": "sha512-Ubldcmxp5np52/ENotGxlLe6aGMvmF4R8S6tZjsP6Knsaxd/xp3Zrh50cG93lR6nPXyUFwzN3ZSOQI0wRJNdGg=="
    },
    "js-alert": {
      "version": "1.0.4",
      "resolved": "https://registry.npmjs.org/js-alert/-/js-alert-1.0.4.tgz",
      "integrity": "sha1-I2Lwd8dgR75mWiDpXLyOyYhcP8k="
    },
    "lodash": {
      "version": "4.17.10",
      "resolved": "https://registry.npmjs.org/lodash/-/lodash-4.17.10.tgz",
      "integrity": "sha512-UejweD1pDoXu+AD825lWwp4ZGtSwgnpZxb3JDViD7StjQz+Nb/6l093lx4OQ0foGWNRoc19mWy7BzL+UAK2iVg=="
    },
    "pnotify": {
      "version": "4.0.0-alpha.4",
      "resolved": "https://registry.npmjs.org/pnotify/-/pnotify-4.0.0-alpha.4.tgz",
      "integrity": "sha512-onzGW2UjHHeYB8B+Bea7fbH0wmhqwIExR8QoEB+saGQ0qbxTyWCeBVd1c+yhtrGFpXPN00gzMFFWIyzZmNZZWw=="
    }
  }
}
